{
    "_meta": {
        "hash": {
            "sha256": "6a0cdc85f0c622bdd18f2ae26864644713abf9767f0faf68f4178dc13bec9e97"
        },
        "pipfile-spec": 6,
        "requires": {
            "python_version": "3.7"
        },
        "sources": [
            {
                "name": "pypi",
                "url": "https://pypi.org/simple",
                "verify_ssl": true
            }
        ]
    },
    "default": {
        "blinker": {
            "hashes": [
                "sha256:471aee25f3992bd325afa3772f1063dbdbbca947a041b8b89466dc00d606f8b6"
            ],
            "index": "pypi",
            "version": "==1.4"
        },
        "cachecontrol": {
            "hashes": [
                "sha256:10d056fa27f8563a271b345207402a6dcce8efab7e5b377e270329c62471b10d",
                "sha256:be9aa45477a134aee56c8fac518627e1154df063e85f67d4f83ce0ccc23688e8"
            ],
            "version": "==0.12.6"
        },
        "cachetools": {
            "hashes": [
                "sha256:1d9d5f567be80f7c07d765e21b814326d78c61eb0c3a637dffc0e5d1796cb2e2",
                "sha256:f469e29e7aa4cff64d8de4aad95ce76de8ea1125a16c68e0d93f65c3c3dc92e9"
            ],
            "version": "==4.2.1"
        },
        "certifi": {
            "hashes": [
                "sha256:1a4995114262bffbc2413b159f2a1a480c969de6e6eb13ee966d470af86af59c",
                "sha256:719a74fb9e33b9bd44cc7f3a8d94bc35e4049deebe19ba7d8e108280cfd59830"
            ],
            "version": "==2020.12.5"
        },
        "cffi": {
            "hashes": [
                "sha256:005a36f41773e148deac64b08f233873a4d0c18b053d37da83f6af4d9087b813",
                "sha256:0857f0ae312d855239a55c81ef453ee8fd24136eaba8e87a2eceba644c0d4c06",
                "sha256:1071534bbbf8cbb31b498d5d9db0f274f2f7a865adca4ae429e147ba40f73dea",
                "sha256:158d0d15119b4b7ff6b926536763dc0714313aa59e320ddf787502c70c4d4bee",
                "sha256:1f436816fc868b098b0d63b8920de7d208c90a67212546d02f84fe78a9c26396",
                "sha256:2894f2df484ff56d717bead0a5c2abb6b9d2bf26d6960c4604d5c48bbc30ee73",
                "sha256:29314480e958fd8aab22e4a58b355b629c59bf5f2ac2492b61e3dc06d8c7a315",
                "sha256:34eff4b97f3d982fb93e2831e6750127d1355a923ebaeeb565407b3d2f8d41a1",
                "sha256:35f27e6eb43380fa080dccf676dece30bef72e4a67617ffda586641cd4508d49",
                "sha256:3d3dd4c9e559eb172ecf00a2a7517e97d1e96de2a5e610bd9b68cea3925b4892",
                "sha256:43e0b9d9e2c9e5d152946b9c5fe062c151614b262fda2e7b201204de0b99e482",
                "sha256:48e1c69bbacfc3d932221851b39d49e81567a4d4aac3b21258d9c24578280058",
                "sha256:51182f8927c5af975fece87b1b369f722c570fe169f9880764b1ee3bca8347b5",
                "sha256:58e3f59d583d413809d60779492342801d6e82fefb89c86a38e040c16883be53",
                "sha256:5de7970188bb46b7bf9858eb6890aad302577a5f6f75091fd7cdd3ef13ef3045",
                "sha256:65fa59693c62cf06e45ddbb822165394a288edce9e276647f0046e1ec26920f3",
                "sha256:69e395c24fc60aad6bb4fa7e583698ea6cc684648e1ffb7fe85e3c1ca131a7d5",
                "sha256:6c97d7350133666fbb5cf4abdc1178c812cb205dc6f41d174a7b0f18fb93337e",
                "sha256:6e4714cc64f474e4d6e37cfff31a814b509a35cb17de4fb1999907575684479c",
                "sha256:72d8d3ef52c208ee1c7b2e341f7d71c6fd3157138abf1a95166e6165dd5d4369",
                "sha256:8ae6299f6c68de06f136f1f9e69458eae58f1dacf10af5c17353eae03aa0d827",
                "sha256:8b198cec6c72df5289c05b05b8b0969819783f9418e0409865dac47288d2a053",
                "sha256:99cd03ae7988a93dd00bcd9d0b75e1f6c426063d6f03d2f90b89e29b25b82dfa",
                "sha256:9cf8022fb8d07a97c178b02327b284521c7708d7c71a9c9c355c178ac4bbd3d4",
                "sha256:9de2e279153a443c656f2defd67769e6d1e4163952b3c622dcea5b08a6405322",
                "sha256:9e93e79c2551ff263400e1e4be085a1210e12073a31c2011dbbda14bda0c6132",
                "sha256:9ff227395193126d82e60319a673a037d5de84633f11279e336f9c0f189ecc62",
                "sha256:a465da611f6fa124963b91bf432d960a555563efe4ed1cc403ba5077b15370aa",
                "sha256:ad17025d226ee5beec591b52800c11680fca3df50b8b29fe51d882576e039ee0",
                "sha256:afb29c1ba2e5a3736f1c301d9d0abe3ec8b86957d04ddfa9d7a6a42b9367e396",
                "sha256:b85eb46a81787c50650f2392b9b4ef23e1f126313b9e0e9013b35c15e4288e2e",
                "sha256:bb89f306e5da99f4d922728ddcd6f7fcebb3241fc40edebcb7284d7514741991",
                "sha256:cbde590d4faaa07c72bf979734738f328d239913ba3e043b1e98fe9a39f8b2b6",
                "sha256:cd2868886d547469123fadc46eac7ea5253ea7fcb139f12e1dfc2bbd406427d1",
                "sha256:d42b11d692e11b6634f7613ad8df5d6d5f8875f5d48939520d351007b3c13406",
                "sha256:f2d45f97ab6bb54753eab54fffe75aaf3de4ff2341c9daee1987ee1837636f1d",
                "sha256:fd78e5fee591709f32ef6edb9a015b4aa1a5022598e36227500c8f4e02328d9c"
            ],
            "version": "==1.14.5"
        },
        "chardet": {
            "hashes": [
                "sha256:0d6f53a15db4120f2b08c94f11e7d93d2c911ee118b6b30a04ec3ee8310179fa",
                "sha256:f864054d66fd9118f2e67044ac8981a54775ec5b67aed0441892edb553d21da5"
            ],
            "version": "==4.0.0"
        },
        "click": {
            "hashes": [
                "sha256:681c9380a24b22fec089c8e5ffe40aa16a0da79f248a26fe2481bfa8170bfcc1",
                "sha256:e4315a188403c0258bbc4a4e31863e48fc301c4e95b8007a8eeda0391158df13"
            ],
            "version": "==8.0.0a1"
        },
        "dominate": {
            "hashes": [
                "sha256:76ec2cde23700a6fc4fee098168b9dee43b99c2f1dd0ca6a711f683e8eb7e1e4",
                "sha256:84b5f71ed30021193cb0faa45d7776e1083f392cfe67a49f44e98cb2ed76c036"
            ],
            "version": "==2.6.0"
        },
        "firebase-admin": {
            "hashes": [
                "sha256:48650748131ddbfe6e6b9367fb004654f8bbd34a21e2db1966b2ff64814a5337",
                "sha256:7570f8c1063ba1ff0ed24473f0dbdb3191f37fa6e23c03b34cad523c50cdeb68"
            ],
            "index": "pypi",
            "version": "==4.0.0"
        },
        "flask": {
            "hashes": [
                "sha256:2271c0070dbcb5275fad4a82e29f23ab92682dc45f9dfbc22c02ba9b9322ce48",
                "sha256:a080b744b7e345ccfcbc77954861cb05b3c63786e93f2b3875e0913d44b43f05"
            ],
            "index": "pypi",
            "version": "==1.0.2"
        },
        "flask-bootstrap": {
            "hashes": [
                "sha256:cb08ed940183f6343a64e465e83b3a3f13c53e1baabb8d72b5da4545ef123ac8"
            ],
            "index": "pypi",
            "version": "==3.3.7.1"
        },
        "flask-login": {
            "hashes": [
                "sha256:6d33aef15b5bcead780acc339464aae8a6e28f13c90d8b1cf9de8b549d1c0b4b",
                "sha256:7451b5001e17837ba58945aead261ba425fdf7b4f0448777e597ddab39f4fba0"
            ],
            "index": "pypi",
            "version": "==0.5.0"
        },
        "flask-testing": {
            "hashes": [
                "sha256:dc076623d7d850653a018cb64f500948334c8aeb6b10a5a842bf1bcfb98122bc"
            ],
            "index": "pypi",
            "version": "==0.7.1"
        },
        "flask-wtf": {
            "hashes": [
                "sha256:57b3faf6fe5d6168bda0c36b0df1d05770f8e205e18332d0376ddb954d17aef2",
                "sha256:d417e3a0008b5ba583da1763e4db0f55a1269d9dd91dcc3eb3c026d3c5dbd720"
            ],
            "index": "pypi",
            "version": "==0.14.3"
        },
        "google-api-core": {
            "extras": [
                "grpc"
            ],
            "hashes": [
                "sha256:418a131cd349e8bda036741d93e7fb9caefa691daa7296851193edc60b3c946c",
                "sha256:79811ec36d182c9be1398609d651c30803b01fe02d4758c886acc0524ff9b53e"
            ],
            "markers": "platform_python_implementation != 'PyPy'",
            "version": "==1.26.2"
        },
        "google-api-python-client": {
            "hashes": [
                "sha256:48686cceb0dc8cb8b9ee1920ad7c0d9b499ef4fca0ca51c1c69f1e462a628011",
                "sha256:b665afbb38df357222bac695e76f2ceb3c42346bfbfb64146061285e175c38d8"
            ],
            "version": "==2.0.2"
        },
        "google-auth": {
            "hashes": [
                "sha256:9bd436d19ab047001a1340720d2b629eb96dd503258c524921ec2af3ee88a80e",
                "sha256:dcaba3aa9d4e0e96fd945bf25a86b6f878fcb05770b67adbeb50a63ca4d28a5e"
            ],
            "version": "==1.28.0"
        },
        "google-auth-httplib2": {
            "hashes": [
                "sha256:31e49c36c6b5643b57e82617cb3e021e3e1d2df9da63af67252c02fa9c1f4a10",
                "sha256:a07c39fd632becacd3f07718dfd6021bf396978f03ad3ce4321d060015cc30ac"
            ],
            "version": "==0.1.0"
        },
        "google-cloud-core": {
            "hashes": [
                "sha256:40d9c2da2d03549b5ac3dcccf289d4f15e6d1210044c6381ce45c92913e62904",
                "sha256:c6abb18527545379fc82efc4de75ce9a3772ccad2fc645adace593ba097cbb02"
            ],
            "version": "==1.6.0"
        },
        "google-cloud-firestore": {
            "hashes": [
                "sha256:493d2be721d1c43654b114c40566cfc77d659d14e0e79fa8ead2ae38ef13bae0",
                "sha256:edfc0b32cada10d58d3fb4654f9d806bb0506341fc544301130b45861b27d17a"
            ],
            "markers": "platform_python_implementation != 'PyPy'",
            "version": "==2.0.2"
        },
        "google-cloud-storage": {
            "hashes": [
                "sha256:89d3a101c8ca3aae7614253a03a2e7fe77c5e799469df2d4ec44044cccac1ad8",
                "sha256:a02f955e5c9d8e2035bd0fbe4793604a8f5abf61200cbb743f71cd1c5aa13b68"
            ],
            "version": "==1.36.2"
        },
        "google-crc32c": {
            "hashes": [
                "sha256:0ae3cf54e0d4d83c8af1afe96fc0970fbf32f1b29275f3bfd44ce25c4b622a2b",
                "sha256:0dd9b61d0c63043b013349c9ec8a83ec2b05c96410c5bc257da5d0de743fc171",
                "sha256:110157fb19ab5db15603debfaf5fcfbac9627576787d9caf8618ff96821a7a1f",
                "sha256:1dc6904c0d958f43102c85d70792cca210d3d051ddbeecd0eff10abcd981fdfa",
                "sha256:298a9a922d35b123a73be80233d0f19c6ea01f008743561a8937f9dd83fb586b",
                "sha256:34a97937f164147aefa53c3277364fd3bfa7fd244cbebbd5a976fa8325fb496b",
                "sha256:364eb36e8d9d34542c17b0c410035b0557edd4300a92ed736b237afaa0fd6dae",
                "sha256:49838ede42592154f9fcd21d07c7a43a67b00a36e252f82ae72542fde09dc51f",
                "sha256:51f4aa06125bf0641f65fb83268853545dbeb36b98ccfec69ef57dcb6b73b176",
                "sha256:6789db0b12aab12a0f04de22ed8412dfa5f6abd5a342ea19f15355064e1cc387",
                "sha256:78cf5b1bd30f3a6033b41aa4ce8c796870bc4645a15d3ef47a4b05d31b0a6dc1",
                "sha256:7c5138ed2e815189ba524756e027ac5833365e86115b1c2e6d9e833974a58d82",
                "sha256:80abca603187093ea089cd1215c3779040dda55d3cdabc0cd5ea0e10df7bff99",
                "sha256:8ed8f6dc4f55850cba2eb22b78902ad37f397ee02692d3b8e00842e9af757321",
                "sha256:91ad96ee2958311d0bb75ffe5c25c87fb521ef547c09e04a8bb6143e75fb1367",
                "sha256:92ed6062792b989e84621e07a5f3d37da9cc3153b77d23a582921f14863af31d",
                "sha256:9372211acbcc207f63ffaffea1d05f3244a21311e4710721ffff3e8b7a0d24d0",
                "sha256:a64e0e8ed6076a8d867fc4622ad821c55eba8dff1b48b18f56b7c2392e22ab9d",
                "sha256:a6c8a712ffae56c805ca732b735af02860b246bed2c1acb38ea954a8b2dc4581",
                "sha256:ab2b31395fbeeae6d15c98bd7f8b9fb76a18f18f87adc11b1f6dbe8f90d8382f",
                "sha256:ae7b9e7e2ca1b06c3a68b6ef223947a52c30ffae329b1a2be3402756073f2732",
                "sha256:b5ea1055fe470334ced844270e7c808b04fe31e3e6394675daa77f6789ca9eff",
                "sha256:d0630670d27785d7e610e72752dc8087436d00d2c7115e149c0a754babb56d3e",
                "sha256:d4a0d4fb938c2c3c0076445c9bd1215a3bd3df557b88d8b05ec2889ca0c92f8d",
                "sha256:dff5bd1236737f66950999d25de7a78144548ebac7788d30ada8c1b6ead60b27",
                "sha256:e5af77656e8d367701f40f80a91c985ca43319f322f0a36ba9f93909d0bc4cb2",
                "sha256:e6458c41236d37cb982120b070ebcc115687c852bee24cdd18792da2640cf44d",
                "sha256:ea170341a4a9078a067b431044cd56c73553425833a7c2bb81734777a230ad4b",
                "sha256:ef2ed6d0ac4de4ac602903e203eccd25ec8e37f1446fe1a3d2953a658035e0a5"
            ],
            "markers": "python_version >= '3.5'",
            "version": "==1.1.2"
        },
        "google-resumable-media": {
            "hashes": [
                "sha256:dbe670cd7f02f3586705fd5a108c8ab8552fa36a1cad8afbc5a54e982cf34f0c",
                "sha256:ee98b1921e5bda94867a08c864e55b4763d63887664f49ee1c231988f56b9d43"
            ],
            "version": "==1.2.0"
        },
        "googleapis-common-protos": {
            "hashes": [
                "sha256:a88ee8903aa0a81f6c3cec2d5cf62d3c8aa67c06439b0496b49048fb1854ebf4",
                "sha256:f6d561ab8fb16b30020b940e2dd01cd80082f4762fa9f3ee670f4419b4b8dbd0"
            ],
            "version": "==1.53.0"
        },
        "grpcio": {
            "hashes": [
                "sha256:02030e1afd3247f2b159df9dff959ec79dd4047b1c4dd4eec9e3d1642efbd504",
                "sha256:0648a6d5d7ddcd9c8462d7d961660ee024dad6b88152ee3a521819e611830edf",
                "sha256:09af8ceb91860086216edc6e5ea15f9beb2cf81687faa43b7c03216f5b73e244",
                "sha256:1030e74ddd0fa6e3bad7944f0c68cf1251b15bcd70641f0ad3858fdf2b8602a0",
                "sha256:1056b558acfd575d774644826df449e1402a03e456a3192fafb6b06d1069bf80",
                "sha256:20b7c4c5513e1135a2261e56830c0e710f205fee92019b92fe132d7f16a5cfd8",
                "sha256:216fbd2a488e74c3b96e240e4054c85c4c99102a439bc9f556936991643f43bc",
                "sha256:24d4c2c5e540e666c52225953d6813afc8ccf9bf46db6a72edd4e8d606656248",
                "sha256:2abaa9f0d83bd0b26f6d0d1fc4b97d73bde3ceac36ab857f70d3cabcf31c5c79",
                "sha256:3a6295aa692806218e97bb687a71cd768450ed99e2acddc488f18d738edef463",
                "sha256:3c5204e05e18268dd6a1099ca6c106fd9d00bcae1e37d5a5186094c55044c941",
                "sha256:3e75643d21db7d68acd541d3fec66faaa8061d12b511e101b529ff12a276bb9b",
                "sha256:45ea10dd133a43b10c0b4326834107ebccfee25dab59b312b78e018c2d72a1f0",
                "sha256:4c05ed54b2a00df01e633bebec819b512bf0c60f8f5b3b36dd344dc673b02fea",
                "sha256:4dc7295dc9673f7af22c1e38c2a2c24ecbd6773a4c5ed5a46ed38ad4dcf2bf6c",
                "sha256:52ec563da45d06319224ebbda53501d25594de64ee1b2786e119ba4a2f1ce40c",
                "sha256:5378189fb897567f4929f75ab67a3e0da4f8967806246cb9cfa1fa06bfbdb0d5",
                "sha256:5e4920a8fb5d17b2c5ba980db0ac1c925bbee3e5d70e96da3ec4fb1c8600d68f",
                "sha256:6b30682180053eebc87802c2f249d2f59b430e1a18e8808575dde0d22a968b2c",
                "sha256:6f6f8a8b57e40347d0bf32c2135037dae31d63d3b19007b4c426a11b76deaf65",
                "sha256:76daa3c4d58fcf40f7969bdb4270335e96ee0382a050cadcd97d7332cd0251a3",
                "sha256:7863c2a140e829b1f4c6d67bf0bf15e5321ac4766d0a295e2682970d9dd4b091",
                "sha256:7cbeac9bbe6a4a7fce4a89c892c249135dd9f5f5219ede157174c34a456188f0",
                "sha256:7e32bc01dfaa7a51c547379644ea619a2161d6969affdac3bbd173478d26673d",
                "sha256:85a6035ae75ce964f78f19cf913938596ccf068b149fcd79f4371268bcb9aa7c",
                "sha256:8a89190de1985a54ef311650cf9687ffb81de038973fd32e452636ddae36b29f",
                "sha256:9a18299827a70be0507f98a65393b1c7f6c004fe2ca995fe23ffac534dd187a7",
                "sha256:a602d6b30760bbbb2fe776caaa914a0d404636cafc3f2322718bf8002d7b1e55",
                "sha256:a66ea59b20f3669df0f0c6a3bd57b985e5b2d1dcf3e4c29819bb8dc232d0fd38",
                "sha256:b003e24339030ed356f59505d1065b89e1f443ef41ce71ca9069be944c0d2e6b",
                "sha256:bab743cdac1d6d8326c65d1d091d0740b39966dfab06519f74a03b3d128b8454",
                "sha256:c18739fecb90760b183bfcb4da1cf2c6bf57e38f7baa2c131d5f67d9a4c8365d",
                "sha256:cbd82c479338fc1c0e5c3db09752b61fe47d40c6e38e4be8657153712fa76674",
                "sha256:dee9971aef20fc09ed897420446c4d0926cd1d7630f343333288523ca5b44bb2",
                "sha256:e1b9e906aa6f7577016e86ed7f3a69cae7dab4e41356584dc7980f76ea65035f",
                "sha256:e3a83c5db16f95daac1d96cf3c9018d765579b5a29bb336758d793028e729921",
                "sha256:eafafc7e040e36aa926edc731ab52c23465981888779ae64bfc8ad85888ed4f3",
                "sha256:ec753c022b39656f88409fbf9f2d3b28497e3f17aa678f884d78776b41ebe6bd",
                "sha256:ed16bfeda02268e75e038c58599d52afc7097d749916c079b26bc27a66900f7d",
                "sha256:f214076eb13da9e65c1aa9877b51fca03f51a82bd8691358e1a1edd9ff341330",
                "sha256:f22c11772eff25ba1ca536e760b8c34ba56f2a9d66b6842cb11770a8f61f879d",
                "sha256:f241116d4bf1a8037ff87f16914b606390824e50902bdbfa2262e855fbf07fe5",
                "sha256:f3f70505207ee1cee65f60a799fd8e06e07861409aa0d55d834825a79b40c297",
                "sha256:f591597bb25eae0094ead5a965555e911453e5f35fdbdaa83be11ef107865697",
                "sha256:f6efa62ca1fe02cd34ec35f53446f04a15fe2c886a4e825f5679936a573d2cbf",
                "sha256:f7740d9d9451f3663df11b241ac05cafc0efaa052d2fdca6640c4d3748eaf6e2"
            ],
            "version": "==1.36.1"
        },
        "httplib2": {
            "hashes": [
                "sha256:749c32603f9bf16c1277f59531d502e8f1c2ca19901ae653b49c4ed698f0820e",
                "sha256:e0d428dad43c72dbce7d163b7753ffc7a39c097e6788ef10f4198db69b92f08e"
            ],
            "version": "==0.19.0"
        },
        "idna": {
            "hashes": [
                "sha256:b307872f855b18632ce0c21c5e45be78c0ea7ae4c15c828c20788b26921eb3f6",
                "sha256:b97d804b1e9b523befed77c48dacec60e6dcb0b5391d57af6a65a312a90648c0"
            ],
            "version": "==2.10"
        },
        "itsdangerous": {
            "hashes": [
                "sha256:55398d354327a1af9eeab0917ffa926985bf88dbd2b051f2cc9fe3f69e9f11d6",
                "sha256:743456d13b108af70259b3867e14e2f426e663c056dbe7b0070f0cb201de6753"
            ],
            "version": "==2.0.0rc1"
        },
        "jinja2": {
            "hashes": [
                "sha256:c10142f819c2d22bdcd17548c46fa9b77cf4fda45097854c689666bf425e7484",
                "sha256:c922560ac46888d47384de1dbdc3daaa2ea993af4b26a436dec31fa2c19ec668"
            ],
            "version": "==3.0.0a1"
        },
        "markupsafe": {
            "hashes": [
                "sha256:0195316c9962e49935a0d6951ec13ddadee4e7e954e527d2387ab5920f33326b",
                "sha256:0771b6c97e45412bdd079ff8e4f1b903400791d62e0099dc7437668d73ad7280",
                "sha256:0806afeead6a1ed483db811e3d4af694fe6cd240fe267719902f5321c02ce1f9",
                "sha256:2069d3ecff985cf2072154f2fc214f7dc493d40113c8fa127296e7c76a1f9227",
                "sha256:2f7efff175b8019977973bee4946df9e182255d17d41d59b8b8fd3f9df60dcfc",
                "sha256:338a6efaaf7cb6bb342fefbfc3f681696c4ee86171c86d660d081739b6fb1055",
                "sha256:39245c428902bc4853deb03c319621aaa72f040753516529ac200be3e6e43e0e",
                "sha256:39466d824310410598072d195cc55cc82c70e7c155ac6adce2b2851b5ce1a214",
                "sha256:635085ed6045c00bcee76cfce4dff45d47f9344ccea0ec7d80c581db65aa9f02",
                "sha256:65261edbd397b289bc7a0c20b21d2927bf81a4ff418a289fb053e06471dbbc90",
                "sha256:6d1d39c1e8a783fe1d2637b693f38a4dbd7f4aac636b82fd7da0e0682757192a",
                "sha256:77db4fd6dfe94f700f4395d34393baf695acb77f0e1d4fd77c93eacd8c38facf",
                "sha256:7cefccd52c32040035a8be398bda4348812f58dcc7c8d940913f19b6776caa50",
                "sha256:7fdaed892d454763f89d2c6ecfa7ee1a142412d01eb9da5927b594622ecdb328",
                "sha256:842c0a900ea044e719212810266aefbabedc47f7f6ed1567d645cec348de38c7",
                "sha256:931f80ecb8fa292f9390761d070cc5eb6e25ef133b3aff6d9f08f0ac7de774e0",
                "sha256:a26f1d7e4bea8e30871f0a025c6f6d81b27724b43d6a3a3e8388d9ec260d4586",
                "sha256:aa18dfb468b4bedd968195efc49e59f2773b406eb7591be19d3ac18cf506c5ec",
                "sha256:afd73362d06ada878f267aa1cf74930022c6b9e1fae4605e5bf35ca61ce06074",
                "sha256:b3f44d049add55a169e2ad6d176e592968f4f34c4ca754b925894ce5520cedfc",
                "sha256:b69682a6445f10332c376870fb53dd4ba946f70f0592118b97015a4a5fa814cc",
                "sha256:b8d3deaddf307963845c2c1a9c3f72a92856f9010dca69a05b35b27af9fff162",
                "sha256:c58a7117d253f7c560c54d8098a606d410e62129f4df78d78582b81ba254ba80",
                "sha256:c729b7bc3a38f24093c36fc20e98ba747440e937ea9997c1af7cd98d3ee9bdb1",
                "sha256:c7718a028d3917eabde519282b11fe0944f25e4d9d1716fec4ff8cf392ead36f",
                "sha256:c8ba02b5ff8dde786492f04ff003514750d40a509bd3d76ee080f11f226d8431",
                "sha256:cd2bf5e142accfa487a6d4705ae8a22f48798a35e5ec3561123e3723aba50888",
                "sha256:cdf40d0b3b7d0ba57b2cc1ea1432bf0841885f075c00b626b8400829b02aeb18",
                "sha256:d711c82719caaf59e44f73fd91f324dad09ece519f61c38ebac74d0e3c6dee2a",
                "sha256:d9463d3860a4009655048ab40d9a156e7c2b68c8c74464138444a251378c39de",
                "sha256:df56b55433f718b8a5681757a5c6eef2d365781615a268bcd0f5183cd5f57821",
                "sha256:e644dcf9df29d33110ef8d28a14337a7978025d32ff7c210335f3b25b49d03e0",
                "sha256:efac39cc0cfcb43b40e97afffc3087f4dd0fce8fb40d3ad0f5ea8f94b0195005",
                "sha256:fd47b68e61355c6452a92d85fcfad81f7e6f5df8110ed237d9027c54d9338b31"
            ],
            "version": "==2.0.0rc1"
        },
        "msgpack": {
            "hashes": [
                "sha256:0cb94ee48675a45d3b86e61d13c1e6f1696f0183f0715544976356ff86f741d9",
                "sha256:1026dcc10537d27dd2d26c327e552f05ce148977e9d7b9f1718748281b38c841",
                "sha256:26a1759f1a88df5f1d0b393eb582ec022326994e311ba9c5818adc5374736439",
                "sha256:2a5866bdc88d77f6e1370f82f2371c9bc6fc92fe898fa2dec0c5d4f5435a2694",
                "sha256:31c17bbf2ae5e29e48d794c693b7ca7a0c73bd4280976d408c53df421e838d2a",
                "sha256:497d2c12426adcd27ab83144057a705efb6acc7e85957a51d43cdcf7f258900f",
                "sha256:5a9ee2540c78659a1dd0b110f73773533ee3108d4e1219b5a15a8d635b7aca0e",
                "sha256:8521e5be9e3b93d4d5e07cb80b7e32353264d143c1f072309e1863174c6aadb1",
                "sha256:87869ba567fe371c4555d2e11e4948778ab6b59d6cc9d8460d543e4cfbbddd1c",
                "sha256:8ffb24a3b7518e843cd83538cf859e026d24ec41ac5721c18ed0c55101f9775b",
                "sha256:92be4b12de4806d3c36810b0fe2aeedd8d493db39e2eb90742b9c09299eb5759",
                "sha256:9ea52fff0473f9f3000987f313310208c879493491ef3ccf66268eff8d5a0326",
                "sha256:a4355d2193106c7aa77c98fc955252a737d8550320ecdb2e9ac701e15e2943bc",
                "sha256:a99b144475230982aee16b3d249170f1cccebf27fb0a08e9f603b69637a62192",
                "sha256:ac25f3e0513f6673e8b405c3a80500eb7be1cf8f57584be524c4fa78fe8e0c83",
                "sha256:b28c0876cce1466d7c2195d7658cf50e4730667196e2f1355c4209444717ee06",
                "sha256:b55f7db883530b74c857e50e149126b91bb75d35c08b28db12dcb0346f15e46e",
                "sha256:b6d9e2dae081aa35c44af9c4298de4ee72991305503442a5c74656d82b581fe9",
                "sha256:c747c0cc08bd6d72a586310bda6ea72eeb28e7505990f342552315b229a19b33",
                "sha256:d6c64601af8f3893d17ec233237030e3110f11b8a962cb66720bf70c0141aa54",
                "sha256:d8167b84af26654c1124857d71650404336f4eb5cc06900667a493fc619ddd9f",
                "sha256:de6bd7990a2c2dabe926b7e62a92886ccbf809425c347ae7de277067f97c2887",
                "sha256:e36a812ef4705a291cdb4a2fd352f013134f26c6ff63477f20235138d1d21009",
                "sha256:e89ec55871ed5473a041c0495b7b4e6099f6263438e0bd04ccd8418f92d5d7f2",
                "sha256:f3e6aaf217ac1c7ce1563cf52a2f4f5d5b1f64e8729d794165db71da57257f0c",
                "sha256:f484cd2dca68502de3704f056fa9b318c94b1539ed17a4c784266df5d6978c87",
                "sha256:fae04496f5bc150eefad4e9571d1a76c55d021325dcd484ce45065ebbdd00984",
                "sha256:fe07bc6735d08e492a327f496b7850e98cb4d112c56df69b0c844dbebcbb47f6"
            ],
            "version": "==1.0.2"
        },
        "packaging": {
            "hashes": [
                "sha256:5b327ac1320dc863dca72f4514ecc086f31186744b84a230374cc1fd776feae5",
                "sha256:67714da7f7bc052e064859c05c595155bd1ee9f69f76557e21f051443c20947a"
            ],
            "version": "==20.9"
        },
        "proto-plus": {
            "hashes": [
                "sha256:600e2793ec1a0bf2b9e5ba18cd9eccbc1bc690a03c73b571bbe59789fbaaeecc",
                "sha256:cfc45474c7eda0fe3c4b9eca2542124f2a0ff5543242bec61e8d08bce0f5bd48"
            ],
            "version": "==1.18.1"
        },
        "protobuf": {
            "hashes": [
                "sha256:03346c1fdaaaece437f2b611f3f784114b109985aea65c7d98050f8d38fe671c",
                "sha256:0b4a44a32247c3f222df0a5994ed763095ead741fb0749c6105e2a1af100ac98",
                "sha256:0da07c5ff6e2d681c8692dddd38f2ea424aff79e96a4776dbbcbd1b56ced3d83",
                "sha256:0faa899ac58036766f7a36bf6b3f41459e4eefa20477ee004bdbb6e6c01ad2dc",
                "sha256:5111dc2fb3236584b79645869475448c2181e54e4d6db7c0fc1fe463a7cdb092",
                "sha256:576fdebb64c900ac38d98d703a5ffaa135c21112608466c5bc4048714ac96d1a",
                "sha256:5df64b064b1b15e03768295939cbb5595733a02e8945dc033e56c6a9667a225c",
                "sha256:666d4b942b77912d00c8b011986ee73224ff58d9e17cbb42ef851968ce7e0398",
                "sha256:7e44ac88d7bdfd7bca8ba0623a934a564220d78bbe064005264f747dec330c26",
                "sha256:864f0d7622e11d9255c45542e47498a9c59dfda716dde8b204f64fa7887cbfad",
                "sha256:9504227ca529d20e6ca8cc39f710e52f3237fc7445b63f9621176078c899421d",
                "sha256:956f2c06cff88f65e4856864b31bc688c3c8b9077aaac611b521f04d5657c755",
                "sha256:a12c97c8ed2ab4cc937e3c07b0b9180e68464831f808996f779b1d58f4cf16b5",
                "sha256:abc7aa2652a66bf06a34b382638b3319c8d6b67832f4adaed1da1fdad7aa90c0",
                "sha256:b05dcdb57c1ca6a503121a266bfb7399582f08be00ccc50cd333bdd3d5e66adc",
                "sha256:c32f0d70403ce887549e33668cbe26c3fa9d9884582bb5afae3064de5a16c084",
                "sha256:c8fab21597c174389ebe1e6db442c80aadda8bd0159e953eb4958c55b33a91fa",
                "sha256:e56466b878130fa606f1d4465f3f533144be2b927e9dfc2eb23dba0bb4b5d54c"
            ],
            "version": "==4.0.0rc2"
        },
        "pyasn1": {
            "hashes": [
                "sha256:39c7e2ec30515947ff4e87fb6f456dfc6e84857d34be479c9d4a4ba4bf46aa5d",
                "sha256:aef77c9fb94a3ac588e87841208bdec464471d9871bd5050a287cc9a475cd0ba"
            ],
            "version": "==0.4.8"
        },
        "pyasn1-modules": {
            "hashes": [
                "sha256:905f84c712230b2c592c19470d3ca8d552de726050d1d1716282a1f6146be65e",
                "sha256:a50b808ffeb97cb3601dd25981f6b016cbb3d31fbf57a8b8a87428e6158d0c74"
            ],
            "version": "==0.2.8"
        },
        "pycparser": {
            "hashes": [
                "sha256:2d475327684562c3a96cc71adf7dc8c4f0565175cf86b6d7a404ff4c771f15f0",
                "sha256:7582ad22678f0fcd81102833f60ef8d0e57288b6b5fb00323d101be910e35705"
            ],
            "version": "==2.20"
        },
        "pyparsing": {
            "hashes": [
                "sha256:c203ec8783bf771a155b207279b9bccb8dea02d8f0c9e5f8ead507bc3246ecc1",
                "sha256:ef9d7589ef3c200abe66653d3f1ab1033c3c419ae9b9bdb1240a85b024efc88b"
            ],
            "version": "==2.4.7"
        },
        "pytz": {
            "hashes": [
                "sha256:83a4a90894bf38e243cf052c8b58f381bfe9a7a483f6a9cab140bc7f702ac4da",
                "sha256:eb10ce3e7736052ed3623d49975ce333bcd712c7bb19a58b9e2089d4057d0798"
            ],
            "version": "==2021.1"
        },
        "requests": {
            "hashes": [
                "sha256:27973dd4a904a4f13b263a19c866c13b92a39ed1c964655f025f3f8d3d75b804",
                "sha256:c210084e36a42ae6b9219e00e48287def368a26d03a048ddad7bfee44f75871e"
            ],
            "version": "==2.25.1"
        },
        "rsa": {
            "hashes": [
                "sha256:2c7c8624ef9b55bacc3be8bdcec5cefc381ddc156e968d6437fe0fd08af00eb0",
                "sha256:6fa6a54eb72bfc0abca7f27880b978b14a643ba2a6ad9f4a56a95be82129ca1b"
            ],
            "index": "pypi",
            "version": "==4.1"
        },
        "six": {
            "hashes": [
                "sha256:30639c035cdb23534cd4aa2dd52c3bf48f06e5f4a941509c8bafd8ce11080259",
                "sha256:8b74bedcbbbaca38ff6d7491d76f2b06b3592611af620f8426e82dddb04a5ced"
            ],
            "version": "==1.15.0"
        },
        "uritemplate": {
            "hashes": [
                "sha256:07620c3f3f8eed1f12600845892b0e036a2420acf513c53f7de0abd911a5894f",
                "sha256:5af8ad10cec94f215e3f48112de2022e1d5a37ed427fbd88652fa908f2ab7cae"
            ],
            "version": "==3.0.1"
        },
        "urllib3": {
            "hashes": [
                "sha256:2f4da4594db7e1e110a944bb1b551fdf4e6c136ad42e4234131391e21eb5b0df",
                "sha256:e7b021f7241115872f92f43c6508082facffbd1c048e3c6e2bb9c2a157e28937"
            ],
            "version": "==1.26.4"
        },
        "visitor": {
            "hashes": [
                "sha256:2c737903b2b6864ebc6167eef7cf3b997126f1aa94bdf590f90f1436d23e480a"
            ],
            "version": "==0.1.3"
        },
        "werkzeug": {
            "hashes": [
                "sha256:c3fd7a7d41976d9f44db327260e263132466836cef6f91512889ed60ad26557c",
                "sha256:d5da73735293558eb1651ee2fddc4d0dedcfa06538b8813a2e20011583c9e49b"
            ],
            "index": "pypi",
            "version": "==0.14.1"
        },
        "wtforms": {
            "hashes": [
                "sha256:7ee6e0591777e4ad6779276cd64464bd0a8fc1ce2509b5bb88f936c9426c180c",
                "sha256:cf01f0173ff7124ab30afeee444876a0f576fa5ed9c32f2112c439137077492f"
            ],
            "version": "==3.0.0a1"
        }
    },
    "develop": {
        "astroid": {
            "hashes": [
                "sha256:71ea07f44df9568a75d0f354c49143a4575d90645e9fead6dfb52c26a85ed13a",
                "sha256:840947ebfa8b58f318d42301cf8c0a20fd794a33b61cc4638e28e9e61ba32f42"
            ],
            "version": "==2.3.3"
        },
        "isort": {
            "hashes": [
                "sha256:54da7e92468955c4fceacd0c86bd0ec997b0e1ee80d97f67c35a78b719dccab1",
                "sha256:6e811fcb295968434526407adb8796944f1988c5b65e8139058f2014cbe100fd"
            ],
            "version": "==4.3.21"
        },
        "lazy-object-proxy": {
            "hashes": [
                "sha256:0c4b206227a8097f05c4dbdd323c50edf81f15db3b8dc064d08c62d37e1a504d",
                "sha256:194d092e6f246b906e8f70884e620e459fc54db3259e60cf69a4d66c3fda3449",
                "sha256:1be7e4c9f96948003609aa6c974ae59830a6baecc5376c25c92d7d697e684c08",
                "sha256:4677f594e474c91da97f489fea5b7daa17b5517190899cf213697e48d3902f5a",
                "sha256:48dab84ebd4831077b150572aec802f303117c8cc5c871e182447281ebf3ac50",
                "sha256:5541cada25cd173702dbd99f8e22434105456314462326f06dba3e180f203dfd",
                "sha256:59f79fef100b09564bc2df42ea2d8d21a64fdcda64979c0fa3db7bdaabaf6239",
                "sha256:8d859b89baf8ef7f8bc6b00aa20316483d67f0b1cbf422f5b4dc56701c8f2ffb",
                "sha256:9254f4358b9b541e3441b007a0ea0764b9d056afdeafc1a5569eee1cc6c1b9ea",
                "sha256:9651375199045a358eb6741df3e02a651e0330be090b3bc79f6d0de31a80ec3e",
                "sha256:97bb5884f6f1cdce0099f86b907aa41c970c3c672ac8b9c8352789e103cf3156",
                "sha256:9b15f3f4c0f35727d3a0fba4b770b3c4ebbb1fa907dbcc046a1d2799f3edd142",
                "sha256:a2238e9d1bb71a56cd710611a1614d1194dc10a175c1e08d75e1a7bcc250d442",
                "sha256:a6ae12d08c0bf9909ce12385803a543bfe99b95fe01e752536a60af2b7797c62",
                "sha256:ca0a928a3ddbc5725be2dd1cf895ec0a254798915fb3a36af0964a0a4149e3db",
                "sha256:cb2c7c57005a6804ab66f106ceb8482da55f5314b7fcb06551db1edae4ad1531",
                "sha256:d74bb8693bf9cf75ac3b47a54d716bbb1a92648d5f781fc799347cfc95952383",
                "sha256:d945239a5639b3ff35b70a88c5f2f491913eb94871780ebfabb2568bd58afc5a",
                "sha256:eba7011090323c1dadf18b3b689845fd96a61ba0a1dfbd7f24b921398affc357",
                "sha256:efa1909120ce98bbb3777e8b6f92237f5d5c8ea6758efea36a473e1d38f7d3e4",
                "sha256:f3900e8a5de27447acbf900b4750b0ddfd7ec1ea7fbaf11dfa911141bc522af0"
            ],
            "version": "==1.4.3"
        },
        "mccabe": {
            "hashes": [
                "sha256:ab8a6258860da4b6677da4bd2fe5dc2c659cff31b3ee4f7f5d64e79735b80d42",
                "sha256:dd8d182285a0fe56bace7f45b5e7d1a6ebcbf524e8f3bd87eb0f125271b8831f"
            ],
            "version": "==0.6.1"
        },
        "pylint": {
            "hashes": [
                "sha256:3db5468ad013380e987410a8d6956226963aed94ecb5f9d3a28acca6d9ac36cd",
                "sha256:886e6afc935ea2590b462664b161ca9a5e40168ea99e5300935f6591ad467df4"
            ],
            "index": "pypi",
            "version": "==2.4.4"
        },
        "six": {
            "hashes": [
                "sha256:30639c035cdb23534cd4aa2dd52c3bf48f06e5f4a941509c8bafd8ce11080259",
                "sha256:8b74bedcbbbaca38ff6d7491d76f2b06b3592611af620f8426e82dddb04a5ced"
            ],
            "version": "==1.15.0"
        },
        "typed-ast": {
            "hashes": [
                "sha256:07d49388d5bf7e863f7fa2f124b1b1d89d8aa0e2f7812faff0a5658c01c59aa1",
                "sha256:14bf1522cdee369e8f5581238edac09150c765ec1cb33615855889cf33dcb92d",
                "sha256:240296b27397e4e37874abb1df2a608a92df85cf3e2a04d0d4d61055c8305ba6",
                "sha256:36d829b31ab67d6fcb30e185ec996e1f72b892255a745d3a82138c97d21ed1cd",
                "sha256:37f48d46d733d57cc70fd5f30572d11ab8ed92da6e6b28e024e4a3edfb456e37",
                "sha256:4c790331247081ea7c632a76d5b2a265e6d325ecd3179d06e9cf8d46d90dd151",
                "sha256:5dcfc2e264bd8a1db8b11a892bd1647154ce03eeba94b461effe68790d8b8e07",
                "sha256:7147e2a76c75f0f64c4319886e7639e490fee87c9d25cb1d4faef1d8cf83a440",
                "sha256:7703620125e4fb79b64aa52427ec192822e9f45d37d4b6625ab37ef403e1df70",
                "sha256:8368f83e93c7156ccd40e49a783a6a6850ca25b556c0fa0240ed0f659d2fe496",
                "sha256:84aa6223d71012c68d577c83f4e7db50d11d6b1399a9c779046d75e24bed74ea",
                "sha256:85f95aa97a35bdb2f2f7d10ec5bbdac0aeb9dafdaf88e17492da0504de2e6400",
                "sha256:8db0e856712f79c45956da0c9a40ca4246abc3485ae0d7ecc86a20f5e4c09abc",
                "sha256:9044ef2df88d7f33692ae3f18d3be63dec69c4fb1b5a4a9ac950f9b4ba571606",
                "sha256:963c80b583b0661918718b095e02303d8078950b26cc00b5e5ea9ababe0de1fc",
                "sha256:987f15737aba2ab5f3928c617ccf1ce412e2e321c77ab16ca5a293e7bbffd581",
                "sha256:9ec45db0c766f196ae629e509f059ff05fc3148f9ffd28f3cfe75d4afb485412",
                "sha256:9fc0b3cb5d1720e7141d103cf4819aea239f7d136acf9ee4a69b047b7986175a",
                "sha256:a2c927c49f2029291fbabd673d51a2180038f8cd5a5b2f290f78c4516be48be2",
                "sha256:a38878a223bdd37c9709d07cd357bb79f4c760b29210e14ad0fb395294583787",
                "sha256:b4fcdcfa302538f70929eb7b392f536a237cbe2ed9cba88e3bf5027b39f5f77f",
                "sha256:c0c74e5579af4b977c8b932f40a5464764b2f86681327410aa028a22d2f54937",
                "sha256:c1c876fd795b36126f773db9cbb393f19808edd2637e00fd6caba0e25f2c7b64",
                "sha256:c9aadc4924d4b5799112837b226160428524a9a45f830e0d0f184b19e4090487",
                "sha256:cc7b98bf58167b7f2db91a4327da24fb93368838eb84a44c472283778fc2446b",
                "sha256:cf54cfa843f297991b7388c281cb3855d911137223c6b6d2dd82a47ae5125a41",
                "sha256:d003156bb6a59cda9050e983441b7fa2487f7800d76bdc065566b7d728b4581a",
                "sha256:d175297e9533d8d37437abc14e8a83cbc68af93cc9c1c59c2c292ec59a0697a3",
                "sha256:d746a437cdbca200622385305aedd9aef68e8a645e385cc483bdc5e488f07166",
                "sha256:e683e409e5c45d5c9082dc1daf13f6374300806240719f95dc783d1fc942af10"
            ],
            "markers": "implementation_name == 'cpython' and python_version < '3.8'",
            "version": "==1.4.2"
        },
        "wrapt": {
            "hashes": [
                "sha256:565a021fd19419476b9362b05eeaa094178de64f8361e44468f9e9d7843901e1"
            ],
            "version": "==1.11.2"
        }
    }
}
